
Microsoft Visual Studio Solution File, Format Version 12.00
# Visual Studio Version 17
VisualStudioVersion = 17.9.34616.47
MinimumVisualStudioVersion = 10.0.40219.1
Project("{FAE04EC0-301F-11D3-BF4B-00C04F79EFBC}") = "AsteroidsShooting", "AsteroidsShooting.csproj", "{D4BEBB10-DD0B-4204-9362-A9ED78C4A49D}"
EndProject
Global
	GlobalSection(SolutionConfigurationPlatforms) = preSolution
		Debug|Any CPU = Debug|Any CPU
		Release|Any CPU = Release|Any CPU
	EndGlobalSection
	GlobalSection(ProjectConfigurationPlatforms) = postSolution
		{D4BEBB10-DD0B-4204-9362-A9ED78C4A49D}.Debug|Any CPU.ActiveCfg = Debug|Any CPU
		{D4BEBB10-DD0B-4204-9362-A9ED78C4A49D}.Debug|Any CPU.Build.0 = Debug|Any CPU
		{D4BEBB10-DD0B-4204-9362-A9ED78C4A49D}.Release|Any CPU.ActiveCfg = Release|Any CPU
		{D4BEBB10-DD0B-4204-9362-A9ED78C4A49D}.Release|Any CPU.Build.0 = Release|Any CPU
	EndGlobalSection
	GlobalSection(SolutionProperties) = preSolution
		HideSolutionNode = FALSE
	EndGlobalSection
	GlobalSection(ExtensibilityGlobals) = postSolution
		SolutionGuid = {7F8B940C-4632-4230-9E5E-4F1C15C6E6A1}
	EndGlobalSection
EndGlobal
